
Microsoft Visual Studio Solution File, Format Version 12.00
# Visual Studio Version 17
VisualStudioVersion = 17.9.34728.123
MinimumVisualStudioVersion = 10.0.40219.1
Project("{2150E333-8FDC-42A3-9474-1A3956D46DE8}") = "Solution Items", "Solution Items", "{BA0F9089-12F8-401A-8421-2B26ADC463FC}"
	ProjectSection(SolutionItems) = preProject
		README.md = README.md
	EndProjectSection
EndProject
Project("{2150E333-8FDC-42A3-9474-1A3956D46DE8}") = "Programming Assignment", "Programming Assignment", "{EA991F7B-7B0F-4030-A1D5-FBABAB99CC7C}"
EndProject
Project("{2150E333-8FDC-42A3-9474-1A3956D46DE8}") = "Mathematics", "Mathematics", "{F0F7EC0F-DC5A-4FB9-99E3-7658BA098486}"
EndProject
Project("{9A19103F-16F7-4668-BE54-9A1E7A4F7556}") = "Maths", "Mathematics\Maths\Maths.csproj", "{AACB9E12-1597-45C7-8D7F-749D870B88B3}"
EndProject
Project("{9A19103F-16F7-4668-BE54-9A1E7A4F7556}") = "Maths.Tests", "Mathematics\Maths.Tests\Maths.Tests.csproj", "{C87F1C44-E47C-4166-B58E-CD21F09B6AFC}"
EndProject
Project("{9A19103F-16F7-4668-BE54-9A1E7A4F7556}") = "PA", "Programming Assignment\PA\PA.csproj", "{0F34729A-8E5A-49E2-998D-42DEA419E8DD}"
EndProject
Project("{9A19103F-16F7-4668-BE54-9A1E7A4F7556}") = "PA0", "Programming Assignment\PA0\PA0.csproj", "{65360571-466A-40D1-9C2B-A72DC76DE8E7}"
EndProject
Project("{9A19103F-16F7-4668-BE54-9A1E7A4F7556}") = "PA1", "Programming Assignment\PA1\PA1.csproj", "{56593369-9EAD-4AE4-815D-9509A752093D}"
EndProject
Project("{9A19103F-16F7-4668-BE54-9A1E7A4F7556}") = "PA2", "Programming Assignment\PA2\PA2.csproj", "{7E300B78-6077-4FBB-BA64-C5B70233F604}"
EndProject
Project("{9A19103F-16F7-4668-BE54-9A1E7A4F7556}") = "PA3", "Programming Assignment\PA3\PA3.csproj", "{DEA856FE-4EE5-4B4A-91A2-5121139DA9C5}"
EndProject
Project("{9A19103F-16F7-4668-BE54-9A1E7A4F7556}") = "PA4", "Programming Assignment\PA4\PA4.csproj", "{F48501F1-3446-4CF3-8CFD-29CFB11C13B8}"
EndProject
Project("{9A19103F-16F7-4668-BE54-9A1E7A4F7556}") = "PA5", "Programming Assignment\PA5\PA5.csproj", "{B7258A76-8EFA-4B94-9914-562B17392312}"
EndProject
Project("{9A19103F-16F7-4668-BE54-9A1E7A4F7556}") = "PA6", "Programming Assignment\PA6\PA6.csproj", "{FAB5351C-49ED-4A7C-891C-CCFEB4036CB1}"
EndProject
Project("{FAE04EC0-301F-11D3-BF4B-00C04F79EFBC}") = "PA7", "Programming Assignment\PA7\PA7.csproj", "{933EE386-50F0-41AD-A15A-C90B2C899F5A}"
EndProject
Global
	GlobalSection(SolutionConfigurationPlatforms) = preSolution
		Debug|Any CPU = Debug|Any CPU
		Release|Any CPU = Release|Any CPU
	EndGlobalSection
	GlobalSection(ProjectConfigurationPlatforms) = postSolution
		{AACB9E12-1597-45C7-8D7F-749D870B88B3}.Debug|Any CPU.ActiveCfg = Debug|Any CPU
		{AACB9E12-1597-45C7-8D7F-749D870B88B3}.Debug|Any CPU.Build.0 = Debug|Any CPU
		{AACB9E12-1597-45C7-8D7F-749D870B88B3}.Release|Any CPU.ActiveCfg = Release|Any CPU
		{AACB9E12-1597-45C7-8D7F-749D870B88B3}.Release|Any CPU.Build.0 = Release|Any CPU
		{C87F1C44-E47C-4166-B58E-CD21F09B6AFC}.Debug|Any CPU.ActiveCfg = Debug|Any CPU
		{C87F1C44-E47C-4166-B58E-CD21F09B6AFC}.Debug|Any CPU.Build.0 = Debug|Any CPU
		{C87F1C44-E47C-4166-B58E-CD21F09B6AFC}.Release|Any CPU.ActiveCfg = Release|Any CPU
		{C87F1C44-E47C-4166-B58E-CD21F09B6AFC}.Release|Any CPU.Build.0 = Release|Any CPU
		{0F34729A-8E5A-49E2-998D-42DEA419E8DD}.Debug|Any CPU.ActiveCfg = Debug|Any CPU
		{0F34729A-8E5A-49E2-998D-42DEA419E8DD}.Debug|Any CPU.Build.0 = Debug|Any CPU
		{0F34729A-8E5A-49E2-998D-42DEA419E8DD}.Release|Any CPU.ActiveCfg = Release|Any CPU
		{0F34729A-8E5A-49E2-998D-42DEA419E8DD}.Release|Any CPU.Build.0 = Release|Any CPU
		{65360571-466A-40D1-9C2B-A72DC76DE8E7}.Debug|Any CPU.ActiveCfg = Debug|Any CPU
		{65360571-466A-40D1-9C2B-A72DC76DE8E7}.Debug|Any CPU.Build.0 = Debug|Any CPU
		{65360571-466A-40D1-9C2B-A72DC76DE8E7}.Release|Any CPU.ActiveCfg = Release|Any CPU
		{65360571-466A-40D1-9C2B-A72DC76DE8E7}.Release|Any CPU.Build.0 = Release|Any CPU
		{56593369-9EAD-4AE4-815D-9509A752093D}.Debug|Any CPU.ActiveCfg = Debug|Any CPU
		{56593369-9EAD-4AE4-815D-9509A752093D}.Debug|Any CPU.Build.0 = Debug|Any CPU
		{56593369-9EAD-4AE4-815D-9509A752093D}.Release|Any CPU.ActiveCfg = Release|Any CPU
		{56593369-9EAD-4AE4-815D-9509A752093D}.Release|Any CPU.Build.0 = Release|Any CPU
		{7E300B78-6077-4FBB-BA64-C5B70233F604}.Debug|Any CPU.ActiveCfg = Debug|Any CPU
		{7E300B78-6077-4FBB-BA64-C5B70233F604}.Debug|Any CPU.Build.0 = Debug|Any CPU
		{7E300B78-6077-4FBB-BA64-C5B70233F604}.Release|Any CPU.ActiveCfg = Release|Any CPU
		{7E300B78-6077-4FBB-BA64-C5B70233F604}.Release|Any CPU.Build.0 = Release|Any CPU
		{DEA856FE-4EE5-4B4A-91A2-5121139DA9C5}.Debug|Any CPU.ActiveCfg = Debug|Any CPU
		{DEA856FE-4EE5-4B4A-91A2-5121139DA9C5}.Debug|Any CPU.Build.0 = Debug|Any CPU
		{DEA856FE-4EE5-4B4A-91A2-5121139DA9C5}.Release|Any CPU.ActiveCfg = Release|Any CPU
		{DEA856FE-4EE5-4B4A-91A2-5121139DA9C5}.Release|Any CPU.Build.0 = Release|Any CPU
		{F48501F1-3446-4CF3-8CFD-29CFB11C13B8}.Debug|Any CPU.ActiveCfg = Debug|Any CPU
		{F48501F1-3446-4CF3-8CFD-29CFB11C13B8}.Debug|Any CPU.Build.0 = Debug|Any CPU
		{F48501F1-3446-4CF3-8CFD-29CFB11C13B8}.Release|Any CPU.ActiveCfg = Release|Any CPU
		{F48501F1-3446-4CF3-8CFD-29CFB11C13B8}.Release|Any CPU.Build.0 = Release|Any CPU
		{B7258A76-8EFA-4B94-9914-562B17392312}.Debug|Any CPU.ActiveCfg = Debug|Any CPU
		{B7258A76-8EFA-4B94-9914-562B17392312}.Debug|Any CPU.Build.0 = Debug|Any CPU
		{B7258A76-8EFA-4B94-9914-562B17392312}.Release|Any CPU.ActiveCfg = Release|Any CPU
		{B7258A76-8EFA-4B94-9914-562B17392312}.Release|Any CPU.Build.0 = Release|Any CPU
		{FAB5351C-49ED-4A7C-891C-CCFEB4036CB1}.Debug|Any CPU.ActiveCfg = Debug|Any CPU
		{FAB5351C-49ED-4A7C-891C-CCFEB4036CB1}.Debug|Any CPU.Build.0 = Debug|Any CPU
		{FAB5351C-49ED-4A7C-891C-CCFEB4036CB1}.Release|Any CPU.ActiveCfg = Release|Any CPU
		{FAB5351C-49ED-4A7C-891C-CCFEB4036CB1}.Release|Any CPU.Build.0 = Release|Any CPU
		{933EE386-50F0-41AD-A15A-C90B2C899F5A}.Debug|Any CPU.ActiveCfg = Debug|Any CPU
		{933EE386-50F0-41AD-A15A-C90B2C899F5A}.Debug|Any CPU.Build.0 = Debug|Any CPU
		{933EE386-50F0-41AD-A15A-C90B2C899F5A}.Release|Any CPU.ActiveCfg = Release|Any CPU
		{933EE386-50F0-41AD-A15A-C90B2C899F5A}.Release|Any CPU.Build.0 = Release|Any CPU
	EndGlobalSection
	GlobalSection(SolutionProperties) = preSolution
		HideSolutionNode = FALSE
	EndGlobalSection
	GlobalSection(NestedProjects) = preSolution
		{AACB9E12-1597-45C7-8D7F-749D870B88B3} = {F0F7EC0F-DC5A-4FB9-99E3-7658BA098486}
		{C87F1C44-E47C-4166-B58E-CD21F09B6AFC} = {F0F7EC0F-DC5A-4FB9-99E3-7658BA098486}
		{0F34729A-8E5A-49E2-998D-42DEA419E8DD} = {EA991F7B-7B0F-4030-A1D5-FBABAB99CC7C}
		{65360571-466A-40D1-9C2B-A72DC76DE8E7} = {EA991F7B-7B0F-4030-A1D5-FBABAB99CC7C}
		{56593369-9EAD-4AE4-815D-9509A752093D} = {EA991F7B-7B0F-4030-A1D5-FBABAB99CC7C}
		{7E300B78-6077-4FBB-BA64-C5B70233F604} = {EA991F7B-7B0F-4030-A1D5-FBABAB99CC7C}
		{DEA856FE-4EE5-4B4A-91A2-5121139DA9C5} = {EA991F7B-7B0F-4030-A1D5-FBABAB99CC7C}
		{F48501F1-3446-4CF3-8CFD-29CFB11C13B8} = {EA991F7B-7B0F-4030-A1D5-FBABAB99CC7C}
		{B7258A76-8EFA-4B94-9914-562B17392312} = {EA991F7B-7B0F-4030-A1D5-FBABAB99CC7C}
		{FAB5351C-49ED-4A7C-891C-CCFEB4036CB1} = {EA991F7B-7B0F-4030-A1D5-FBABAB99CC7C}
		{933EE386-50F0-41AD-A15A-C90B2C899F5A} = {EA991F7B-7B0F-4030-A1D5-FBABAB99CC7C}
	EndGlobalSection
	GlobalSection(ExtensibilityGlobals) = postSolution
		SolutionGuid = {547DFC15-E49C-4D55-93F3-3C6F6C9FB274}
	EndGlobalSection
EndGlobal
